
Microsoft Visual Studio Solution File, Format Version 12.00
# Visual Studio Version 17
VisualStudioVersion = 17.3.32929.385
MinimumVisualStudioVersion = 10.0.40219.1
Project("{FAE04EC0-301F-11D3-BF4B-00C04F79EFBC}") = "BirthDateCalculator", "BirthDateCalculator\BirthDateCalculator.csproj", "{0D005548-EC5B-49BB-B7C1-B56A858582D2}"
EndProject
Global
	GlobalSection(SolutionConfigurationPlatforms) = preSolution
		Debug|Any CPU = Debug|Any CPU
		Release|Any CPU = Release|Any CPU
	EndGlobalSection
	GlobalSection(ProjectConfigurationPlatforms) = postSolution
		{0D005548-EC5B-49BB-B7C1-B56A858582D2}.Debug|Any CPU.ActiveCfg = Debug|Any CPU
		{0D005548-EC5B-49BB-B7C1-B56A858582D2}.Debug|Any CPU.Build.0 = Debug|Any CPU
		{0D005548-EC5B-49BB-B7C1-B56A858582D2}.Release|Any CPU.ActiveCfg = Release|Any CPU
		{0D005548-EC5B-49BB-B7C1-B56A858582D2}.Release|Any CPU.Build.0 = Release|Any CPU
	EndGlobalSection
	GlobalSection(SolutionProperties) = preSolution
		HideSolutionNode = FALSE
	EndGlobalSection
	GlobalSection(ExtensibilityGlobals) = postSolution
		SolutionGuid = {1430AACE-4A81-418D-9CFB-A7C6179ADBB9}
	EndGlobalSection
EndGlobal
